
Microsoft Visual Studio Solution File, Format Version 12.00
# Visual Studio Version 16
VisualStudioVersion = 16.0.31515.178
MinimumVisualStudioVersion = 10.0.40219.1
Project("{FAE04EC0-301F-11D3-BF4B-00C04F79EFBC}") = "Answer4", "Answer4\Answer4.csproj", "{F409A354-9151-461D-9E76-057B3868D2E2}"
EndProject
Global
	GlobalSection(SolutionConfigurationPlatforms) = preSolution
		Debug|Any CPU = Debug|Any CPU
		Release|Any CPU = Release|Any CPU
	EndGlobalSection
	GlobalSection(ProjectConfigurationPlatforms) = postSolution
		{F409A354-9151-461D-9E76-057B3868D2E2}.Debug|Any CPU.ActiveCfg = Debug|Any CPU
		{F409A354-9151-461D-9E76-057B3868D2E2}.Debug|Any CPU.Build.0 = Debug|Any CPU
		{F409A354-9151-461D-9E76-057B3868D2E2}.Release|Any CPU.ActiveCfg = Release|Any CPU
		{F409A354-9151-461D-9E76-057B3868D2E2}.Release|Any CPU.Build.0 = Release|Any CPU
	EndGlobalSection
	GlobalSection(SolutionProperties) = preSolution
		HideSolutionNode = FALSE
	EndGlobalSection
	GlobalSection(ExtensibilityGlobals) = postSolution
		SolutionGuid = {47F36DD4-2A25-4691-97EF-00BA33680D2A}
	EndGlobalSection
EndGlobal
